// !$*UTF8*$!
{
	archiveVersion = 1;
	classes = {
	};
	objectVersion = 46;
	objects = {

/* Begin PBXBuildFile section */
		11976B941E89BEA0003C7215 /* AppDelegate.swift in Sources */ = {isa = PBXBuildFile; fileRef = 11976B931E89BEA0003C7215 /* AppDelegate.swift */; };
		11976B961E89BEA0003C7215 /* ViewController.swift in Sources */ = {isa = PBXBuildFile; fileRef = 11976B951E89BEA0003C7215 /* ViewController.swift */; };
		11976B991E89BEA0003C7215 /* Main.storyboard in Resources */ = {isa = PBXBuildFile; fileRef = 11976B971E89BEA0003C7215 /* Main.storyboard */; };
		11976B9B1E89BEA0003C7215 /* Assets.xcassets in Resources */ = {isa = PBXBuildFile; fileRef = 11976B9A1E89BEA0003C7215 /* Assets.xcassets */; };
		11976B9E1E89BEA0003C7215 /* LaunchScreen.storyboard in Resources */ = {isa = PBXBuildFile; fileRef = 11976B9C1E89BEA0003C7215 /* LaunchScreen.storyboard */; };
/* End PBXBuildFile section */

/* Begin PBXFileReference section */
		11976B901E89BEA0003C7215 /* helloWorldTwo.app */ = {isa = PBXFileReference; explicitFileType = wrapper.application; includeInIndex = 0; path = helloWorldTwo.app; sourceTree = BUILT_PRODUCTS_DIR; };
		11976B931E89BEA0003C7215 /* AppDelegate.swift */ = {isa = PBXFileReference; lastKnownFileType = sourcecode.swift; path = AppDelegate.swift; sourceTree = "<group>"; };
		11976B951E89BEA0003C7215 /* ViewController.swift */ = {isa = PBXFileReference; lastKnownFileType = sourcecode.swift; path = ViewController.swift; sourceTree = "<group>"; };
		11976B981E89BEA0003C7215 /* Base */ = {isa = PBXFileReference; lastKnownFileType = file.storyboard; name = Base; path = Base.lproj/Main.storyboard; sourceTree = "<group>"; };
		11976B9A1E89BEA0003C7215 /* Assets.xcassets */ = {isa = PBXFileReference; lastKnownFileType = folder.assetcatalog; path = Assets.xcassets; sourceTree = "<group>"; };
		11976B9D1E89BEA0003C7215 /* Base */ = {isa = PBXFileReference; lastKnownFileType = file.storyboard; name = Base; path = Base.lproj/LaunchScreen.storyboard; sourceTree = "<group>"; };
		11976B9F1E89BEA0003C7215 /* Info.plist */ = {isa = PBXFileReference; lastKnownFileType = text.plist.xml; path = Info.plist; sourceTree = "<group>"; };
/* End PBXFileReference section */

/* Begin PBXFrameworksBuildPhase section */
		11976B8D1E89BEA0003C7215 /* Frameworks */ = {
			isa = PBXFrameworksBuildPhase;
			buildActionMask = 2147483647;
			files = (
			);
			runOnlyForDeploymentPostprocessing = 0;
		};
/* End PBXFrameworksBuildPhase section */

/* Begin PBXGroup section */
		11976B871E89BEA0003C7215 = {
			isa = PBXGroup;
			children = (
				11976B921E89BEA0003C7215 /* helloWorldTwo */,
				11976B911E89BEA0003C7215 /* Products */,
			);
			sourceTree = "<group>";
		};
		11976B911E89BEA0003C7215 /* Products */ = {
			isa = PBXGroup;
			children = (
				11976B901E89BEA0003C7215 /* helloWorldTwo.app */,
			);
			name = Products;
			sourceTree = "<group>";
		};
		11976B921E89BEA0003C7215 /* helloWorldTwo */ = {
			isa = PBXGroup;
			children = (
				11976B931E89BEA0003C7215 /* AppDelegate.swift */,
				11976B951E89BEA0003C7215 /* ViewController.swift */,
				11976B971E89BEA0003C7215 /* Main.storyboard */,
				11976B9A1E89BEA0003C7215 /* Assets.xcassets */,
				11976B9C1E89BEA0003C7215 /* LaunchScreen.storyboard */,
				11976B9F1E89BEA0003C7215 /* Info.plist */,
			);
			path = helloWorldTwo;
			sourceTree = "<group>";
		};
/* End PBXGroup section */

/* Begin PBXNativeTarget section */
		11976B8F1E89BEA0003C7215 /* helloWorldTwo */ = {
			isa = PBXNativeTarget;
			buildConfigurationList = 11976BA21E89BEA0003C7215 /* Build configuration list for PBXNativeTarget "helloWorldTwo" */;
			buildPhases = (
				11976B8C1E89BEA0003C7215 /* Sources */,
				11976B8D1E89BEA0003C7215 /* Frameworks */,
				11976B8E1E89BEA0003C7215 /* Resources */,
			);
			buildRules = (
			);
			dependencies = (
			);
			name = helloWorldTwo;
			productName = helloWorldTwo;
			productReference = 11976B901E89BEA0003C7215 /* helloWorldTwo.app */;
			productType = "com.apple.product-type.application";
		};
/* End PBXNativeTarget section */

/* Begin PBXProject section */
		11976B881E89BEA0003C7215 /* Project object */ = {
			isa = PBXProject;
			attributes = {
				LastSwiftUpdateCheck = 0820;
				LastUpgradeCheck = 0820;
				ORGANIZATIONNAME = Szi;
				TargetAttributes = {
					11976B8F1E89BEA0003C7215 = {
						CreatedOnToolsVersion = 8.2.1;
						DevelopmentTeam = DASLK2R355;
						ProvisioningStyle = Automatic;
					};
				};
			};
			buildConfigurationList = 11976B8B1E89BEA0003C7215 /* Build configuration list for PBXProject "helloWorldTwo" */;
			compatibilityVersion = "Xcode 3.2";
			developmentRegion = English;
			hasScannedForEncodings = 0;
			knownRegions = (
				en,
				Base,
			);
			mainGroup = 11976B871E89BEA0003C7215;
			productRefGroup = 11976B911E89BEA0003C7215 /* Products */;
			projectDirPath = "";
			projectRoot = "";
			targets = (
				11976B8F1E89BEA0003C7215 /* helloWorldTwo */,
			);
		};
/* End PBXProject section */

/* Begin PBXResourcesBuildPhase section */
		11976B8E1E89BEA0003C7215 /* Resources */ = {
			isa = PBXResourcesBuildPhase;
			buildActionMask = 2147483647;
			files = (
				11976B9E1E89BEA0003C7215 /* LaunchScreen.storyboard in Resources */,
				11976B9B1E89BEA0003C7215 /* Assets.xcassets in Resources */,
				11976B991E89BEA0003C7215 /* Main.storyboard in Resources */,
			);
			runOnlyForDeploymentPostprocessing = 0;
		};
/* End PBXResourcesBuildPhase section */

/* Begin PBXSourcesBuildPhase section */
		11976B8C1E89BEA0003C7215 /* Sources */ = {
			isa = PBXSourcesBuildPhase;
			buildActionMask = 2147483647;
			files = (
				11976B961E89BEA0003C7215 /* ViewController.swift in Sources */,
				11976B941E89BEA0003C7215 /* AppDelegate.swift in Sources */,
			);
			runOnlyForDeploymentPostprocessing = 0;
		};
/* End PBXSourcesBuildPhase section */

/* Begin PBXVariantGroup section */
		11976B971E89BEA0003C7215 /* Main.storyboard */ = {
			isa = PBXVariantGroup;
			children = (
				11976B981E89BEA0003C7215 /* Base */,
			);
			name = Main.storyboard;
			sourceTree = "<group>";
		};
		11976B9C1E89BEA0003C7215 /* LaunchScreen.storyboard */ = {
			isa = PBXVariantGroup;
			children = (
				11976B9D1E89BEA0003C7215 /* Base */,
			);
			name = LaunchScreen.storyboard;
			sourceTree = "<group>";
		};
/* End PBXVariantGroup section */

/* Begin XCBuildConfiguration section */
		11976BA01E89BEA0003C7215 /* Debug */ = {
			isa = XCBuildConfiguration;
			buildSettings = {
				ALWAYS_SEARCH_USER_PATHS = NO;
				CLANG_ANALYZER_NONNULL = YES;
				CLANG_CXX_LANGUAGE_STANDARD = "gnu++0x";
				CLANG_CXX_LIBRARY = "libc++";
				CLANG_ENABLE_MODULES = YES;
				CLANG_ENABLE_OBJC_ARC = YES;
				CLANG_WARN_BOOL_CONVERSION = YES;
				CLANG_WARN_CONSTANT_CONVERSION = YES;
				CLANG_WARN_DIRECT_OBJC_ISA_USAGE = YES_ERROR;
				CLANG_WARN_DOCUMENTATION_COMMENTS = YES;
				CLANG_WARN_EMPTY_BODY = YES;
				CLANG_WARN_ENUM_CONVERSION = YES;
				CLANG_WARN_INFINITE_RECURSION = YES;
				CLANG_WARN_INT_CONVERSION = YES;
				CLANG_WARN_OBJC_ROOT_CLASS = YES_ERROR;
				CLANG_WARN_SUSPICIOUS_MOVE = YES;
				CLANG_WARN_UNREACHABLE_CODE = YES;
				CLANG_WARN__DUPLICATE_METHOD_MATCH = YES;
				"CODE_SIGN_IDENTITY[sdk=iphoneos*]" = "iPhone Developer";
				COPY_PHASE_STRIP = NO;
				DEBUG_INFORMATION_FORMAT = dwarf;
				ENABLE_STRICT_OBJC_MSGSEND = YES;
				ENABLE_TESTABILITY = YES;
				GCC_C_LANGUAGE_STANDARD = gnu99;
				GCC_DYNAMIC_NO_PIC = NO;
				GCC_NO_COMMON_BLOCKS = YES;
				GCC_OPTIMIZATION_LEVEL = 0;
				GCC_PREPROCESSOR_DEFINITIONS = (
					"DEBUG=1",
					"$(inherited)",
				);
				GCC_WARN_64_TO_32_BIT_CONVERSION = YES;
				GCC_WARN_ABOUT_RETURN_TYPE = YES_ERROR;
				GCC_WARN_UNDECLARED_SELECTOR = YES;
				GCC_WARN_UNINITIALIZED_AUTOS = YES_AGGRESSIVE;
				GCC_WARN_UNUSED_FUNCTION = YES;
				GCC_WARN_UNUSED_VARIABLE = YES;
				IPHONEOS_DEPLOYMENT_TARGET = 10.2;
				MTL_ENABLE_DEBUG_INFO = YES;
				ONLY_ACTIVE_ARCH = YES;
				SDKROOT = iphoneos;
				SWIFT_ACTIVE_COMPILATION_CONDITIONS = DEBUG;
				SWIFT_OPTIMIZATION_LEVEL = "-Onone";
			};
			name = Debug;
		};
		11976BA11E89BEA0003C7215 /* Release */ = {
			isa = XCBuildConfiguration;
			buildSettings = {
				ALWAYS_SEARCH_USER_PATHS = NO;
				CLANG_ANALYZER_NONNULL = YES;
				CLANG_CXX_LANGUAGE_STANDARD = "gnu++0x";
				CLANG_CXX_LIBRARY = "libc++";
				CLANG_ENABLE_MODULES = YES;
				CLANG_ENABLE_OBJC_ARC = YES;
				CLANG_WARN_BOOL_CONVERSION = YES;
				CLANG_WARN_CONSTANT_CONVERSION = YES;
				CLANG_WARN_DIRECT_OBJC_ISA_USAGE = YES_ERROR;
				CLANG_WARN_DOCUMENTATION_COMMENTS = YES;
				CLANG_WARN_EMPTY_BODY = YES;
				CLANG_WARN_ENUM_CONVERSION = YES;
				CLANG_WARN_INFINITE_RECURSION = YES;
				CLANG_WARN_INT_CONVERSION = YES;
				CLANG_WARN_OBJC_ROOT_CLASS = YES_ERROR;
				CLANG_WARN_SUSPICIOUS_MOVE = YES;
				CLANG_WARN_UNREACHABLE_CODE = YES;
				CLANG_WARN__DUPLICATE_METHOD_MATCH = YES;
				"CODE_SIGN_IDENTITY[sdk=iphoneos*]" = "iPhone Developer";
				COPY_PHASE_STRIP = NO;
				DEBUG_INFORMATION_FORMAT = "dwarf-with-dsym";
				ENABLE_NS_ASSERTIONS = NO;
				ENABLE_STRICT_OBJC_MSGSEND = YES;
				GCC_C_LANGUAGE_STANDARD = gnu99;
				GCC_NO_COMMON_BLOCKS = YES;
				GCC_WARN_64_TO_32_BIT_CONVERSION = YES;
				GCC_WARN_ABOUT_RETURN_TYPE = YES_ERROR;
				GCC_WARN_UNDECLARED_SELECTOR = YES;
				GCC_WARN_UNINITIALIZED_AUTOS = YES_AGGRESSIVE;
				GCC_WARN_UNUSED_FUNCTION = YES;
				GCC_WARN_UNUSED_VARIABLE = YES;
				IPHONEOS_DEPLOYMENT_TARGET = 10.2;
				MTL_ENABLE_DEBUG_INFO = NO;
				SDKROOT = iphoneos;
				SWIFT_OPTIMIZATION_LEVEL = "-Owholemodule";
				VALIDATE_PRODUCT = YES;
			};
			name = Release;
		};
		11976BA31E89BEA0003C7215 /* Debug */ = {
			isa = XCBuildConfiguration;
			buildSettings = {
				ASSETCATALOG_COMPILER_APPICON_NAME = AppIcon;
				DEVELOPMENT_TEAM = DASLK2R355;
				INFOPLIST_FILE = helloWorldTwo/Info.plist;
				LD_RUNPATH_SEARCH_PATHS = "$(inherited) @executable_path/Frameworks";
				PRODUCT_BUNDLE_IDENTIFIER = com.Szi.helloWorldTwo;
				PRODUCT_NAME = "$(TARGET_NAME)";
				SWIFT_VERSION = 3.0;
			};
			name = Debug;
		};
		11976BA41E89BEA0003C7215 /* Release */ = {
			isa = XCBuildConfiguration;
			buildSettings = {
				ASSETCATALOG_COMPILER_APPICON_NAME = AppIcon;
				DEVELOPMENT_TEAM = DASLK2R355;
				INFOPLIST_FILE = helloWorldTwo/Info.plist;
				LD_RUNPATH_SEARCH_PATHS = "$(inherited) @executable_path/Frameworks";
				PRODUCT_BUNDLE_IDENTIFIER = com.Szi.helloWorldTwo;
				PRODUCT_NAME = "$(TARGET_NAME)";
				SWIFT_VERSION = 3.0;
			};
			name = Release;
		};
/* End XCBuildConfiguration section */

/* Begin XCConfigurationList section */
		11976B8B1E89BEA0003C7215 /* Build configuration list for PBXProject "helloWorldTwo" */ = {
			isa = XCConfigurationList;
			buildConfigurations = (
				11976BA01E89BEA0003C7215 /* Debug */,
				11976BA11E89BEA0003C7215 /* Release */,
			);
			defaultConfigurationIsVisible = 0;
			defaultConfigurationName = Release;
		};
		11976BA21E89BEA0003C7215 /* Build configuration list for PBXNativeTarget "helloWorldTwo" */ = {
			isa = XCConfigurationList;
			buildConfigurations = (
				11976BA31E89BEA0003C7215 /* Debug */,
				11976BA41E89BEA0003C7215 /* Release */,
			);
			defaultConfigurationIsVisible = 0;
		};
/* End XCConfigurationList section */
	};
	rootObject = 11976B881E89BEA0003C7215 /* Project object */;
}
